// !$*UTF8*$!
{
	archiveVersion = 1;
	classes = {
	};
	objectVersion = 51;
	objects = {

/* Begin PBXBuildFile section */
		08B51E6E256FDD147C002211 /* Pods_SaltSideDemo_SaltSideDemoTests.framework in Frameworks */ = {isa = PBXBuildFile; fileRef = A8C9055FF03AA1D13BAD36A6 /* Pods_SaltSideDemo_SaltSideDemoTests.framework */; };
		1B2EE49425AB6E43007934F4 /* UserListMock.json in Resources */ = {isa = PBXBuildFile; fileRef = 1B2EE49325AB6E43007934F4 /* UserListMock.json */; };
		1B47643525AA192B000EBA26 /* UserModel.swift in Sources */ = {isa = PBXBuildFile; fileRef = 1B47643425AA192B000EBA26 /* UserModel.swift */; };
		1B47643B25AA199D000EBA26 /* UserListWebServices.swift in Sources */ = {isa = PBXBuildFile; fileRef = 1B47643A25AA199D000EBA26 /* UserListWebServices.swift */; };
		1B7FFDF225AAEEB600F39944 /* AppConstants.swift in Sources */ = {isa = PBXBuildFile; fileRef = 1B7FFDF125AAEEB600F39944 /* AppConstants.swift */; };
		1B7FFDF725AAEED200F39944 /* AlamofireWrapper.swift in Sources */ = {isa = PBXBuildFile; fileRef = 1B7FFDF625AAEED200F39944 /* AlamofireWrapper.swift */; };
		1B7FFE0525AAFB6E00F39944 /* ListTVCell.swift in Sources */ = {isa = PBXBuildFile; fileRef = 1B7FFE0325AAFB6E00F39944 /* ListTVCell.swift */; };
		1B7FFE0625AAFB6E00F39944 /* ListTVCell.xib in Resources */ = {isa = PBXBuildFile; fileRef = 1B7FFE0425AAFB6E00F39944 /* ListTVCell.xib */; };
		1B8F519525AB09E40052E6D4 /* ListViewModel.swift in Sources */ = {isa = PBXBuildFile; fileRef = 1B8F519425AB09E40052E6D4 /* ListViewModel.swift */; };
		1B8F519A25AB09F70052E6D4 /* ListDataSource.swift in Sources */ = {isa = PBXBuildFile; fileRef = 1B8F519925AB09F70052E6D4 /* ListDataSource.swift */; };
		1BC346A825AA0B050035434B /* AppDelegate.swift in Sources */ = {isa = PBXBuildFile; fileRef = 1BC346A725AA0B050035434B /* AppDelegate.swift */; };
		1BC346AA25AA0B050035434B /* SceneDelegate.swift in Sources */ = {isa = PBXBuildFile; fileRef = 1BC346A925AA0B050035434B /* SceneDelegate.swift */; };
		1BC346AC25AA0B050035434B /* ListViewController.swift in Sources */ = {isa = PBXBuildFile; fileRef = 1BC346AB25AA0B050035434B /* ListViewController.swift */; };
		1BC346AF25AA0B050035434B /* Main.storyboard in Resources */ = {isa = PBXBuildFile; fileRef = 1BC346AD25AA0B050035434B /* Main.storyboard */; };
		1BC346B225AA0B050035434B /* SaltSideDemo.xcdatamodeld in Sources */ = {isa = PBXBuildFile; fileRef = 1BC346B025AA0B050035434B /* SaltSideDemo.xcdatamodeld */; };
		1BC346B425AA0B060035434B /* Assets.xcassets in Resources */ = {isa = PBXBuildFile; fileRef = 1BC346B325AA0B060035434B /* Assets.xcassets */; };
		1BC346B725AA0B060035434B /* LaunchScreen.storyboard in Resources */ = {isa = PBXBuildFile; fileRef = 1BC346B525AA0B060035434B /* LaunchScreen.storyboard */; };
		1BC346C225AA0B060035434B /* SaltSideDemoTests.swift in Sources */ = {isa = PBXBuildFile; fileRef = 1BC346C125AA0B060035434B /* SaltSideDemoTests.swift */; };
		1BC346CD25AA0B060035434B /* SaltSideDemoUITests.swift in Sources */ = {isa = PBXBuildFile; fileRef = 1BC346CC25AA0B060035434B /* SaltSideDemoUITests.swift */; };
		34AEA19D03498D8DEA75B0DD /* Pods_SaltSideDemo_SaltSideDemoUITests.framework in Frameworks */ = {isa = PBXBuildFile; fileRef = 135599607E83DD2102CE7AB4 /* Pods_SaltSideDemo_SaltSideDemoUITests.framework */; };
		FD92E6A2D51047D7290AE68A /* Pods_SaltSideDemo.framework in Frameworks */ = {isa = PBXBuildFile; fileRef = 7E86BE43C2B44B16B8F7D442 /* Pods_SaltSideDemo.framework */; };
/* End PBXBuildFile section */

/* Begin PBXContainerItemProxy section */
		1BC346BE25AA0B060035434B /* PBXContainerItemProxy */ = {
			isa = PBXContainerItemProxy;
			containerPortal = 1BC3469C25AA0B050035434B /* Project object */;
			proxyType = 1;
			remoteGlobalIDString = 1BC346A325AA0B050035434B;
			remoteInfo = SaltSideDemo;
		};
		1BC346C925AA0B060035434B /* PBXContainerItemProxy */ = {
			isa = PBXContainerItemProxy;
			containerPortal = 1BC3469C25AA0B050035434B /* Project object */;
			proxyType = 1;
			remoteGlobalIDString = 1BC346A325AA0B050035434B;
			remoteInfo = SaltSideDemo;
		};
/* End PBXContainerItemProxy section */

/* Begin PBXFileReference section */
		135599607E83DD2102CE7AB4 /* Pods_SaltSideDemo_SaltSideDemoUITests.framework */ = {isa = PBXFileReference; explicitFileType = wrapper.framework; includeInIndex = 0; path = Pods_SaltSideDemo_SaltSideDemoUITests.framework; sourceTree = BUILT_PRODUCTS_DIR; };
		1B2EE49325AB6E43007934F4 /* UserListMock.json */ = {isa = PBXFileReference; lastKnownFileType = text.json; path = UserListMock.json; sourceTree = "<group>"; };
		1B47643425AA192B000EBA26 /* UserModel.swift */ = {isa = PBXFileReference; lastKnownFileType = sourcecode.swift; path = UserModel.swift; sourceTree = "<group>"; };
		1B47643A25AA199D000EBA26 /* UserListWebServices.swift */ = {isa = PBXFileReference; lastKnownFileType = sourcecode.swift; path = UserListWebServices.swift; sourceTree = "<group>"; };
		1B7FFDF125AAEEB600F39944 /* AppConstants.swift */ = {isa = PBXFileReference; lastKnownFileType = sourcecode.swift; path = AppConstants.swift; sourceTree = "<group>"; };
		1B7FFDF625AAEED200F39944 /* AlamofireWrapper.swift */ = {isa = PBXFileReference; lastKnownFileType = sourcecode.swift; path = AlamofireWrapper.swift; sourceTree = "<group>"; };
		1B7FFE0325AAFB6E00F39944 /* ListTVCell.swift */ = {isa = PBXFileReference; lastKnownFileType = sourcecode.swift; path = ListTVCell.swift; sourceTree = "<group>"; };
		1B7FFE0425AAFB6E00F39944 /* ListTVCell.xib */ = {isa = PBXFileReference; lastKnownFileType = file.xib; path = ListTVCell.xib; sourceTree = "<group>"; };
		1B8F519425AB09E40052E6D4 /* ListViewModel.swift */ = {isa = PBXFileReference; lastKnownFileType = sourcecode.swift; path = ListViewModel.swift; sourceTree = "<group>"; };
		1B8F519925AB09F70052E6D4 /* ListDataSource.swift */ = {isa = PBXFileReference; lastKnownFileType = sourcecode.swift; path = ListDataSource.swift; sourceTree = "<group>"; };
		1BC346A425AA0B050035434B /* SaltSideDemo.app */ = {isa = PBXFileReference; explicitFileType = wrapper.application; includeInIndex = 0; path = SaltSideDemo.app; sourceTree = BUILT_PRODUCTS_DIR; };
		1BC346A725AA0B050035434B /* AppDelegate.swift */ = {isa = PBXFileReference; lastKnownFileType = sourcecode.swift; path = AppDelegate.swift; sourceTree = "<group>"; };
		1BC346A925AA0B050035434B /* SceneDelegate.swift */ = {isa = PBXFileReference; lastKnownFileType = sourcecode.swift; path = SceneDelegate.swift; sourceTree = "<group>"; };
		1BC346AB25AA0B050035434B /* ListViewController.swift */ = {isa = PBXFileReference; lastKnownFileType = sourcecode.swift; path = ListViewController.swift; sourceTree = "<group>"; };
		1BC346AE25AA0B050035434B /* Base */ = {isa = PBXFileReference; lastKnownFileType = file.storyboard; name = Base; path = Base.lproj/Main.storyboard; sourceTree = "<group>"; };
		1BC346B125AA0B050035434B /* SaltSideDemo.xcdatamodel */ = {isa = PBXFileReference; lastKnownFileType = wrapper.xcdatamodel; path = SaltSideDemo.xcdatamodel; sourceTree = "<group>"; };
		1BC346B325AA0B060035434B /* Assets.xcassets */ = {isa = PBXFileReference; lastKnownFileType = folder.assetcatalog; path = Assets.xcassets; sourceTree = "<group>"; };
		1BC346B625AA0B060035434B /* Base */ = {isa = PBXFileReference; lastKnownFileType = file.storyboard; name = Base; path = Base.lproj/LaunchScreen.storyboard; sourceTree = "<group>"; };
		1BC346B825AA0B060035434B /* Info.plist */ = {isa = PBXFileReference; lastKnownFileType = text.plist.xml; path = Info.plist; sourceTree = "<group>"; };
		1BC346BD25AA0B060035434B /* SaltSideDemoTests.xctest */ = {isa = PBXFileReference; explicitFileType = wrapper.cfbundle; includeInIndex = 0; path = SaltSideDemoTests.xctest; sourceTree = BUILT_PRODUCTS_DIR; };
		1BC346C125AA0B060035434B /* SaltSideDemoTests.swift */ = {isa = PBXFileReference; lastKnownFileType = sourcecode.swift; path = SaltSideDemoTests.swift; sourceTree = "<group>"; };
		1BC346C325AA0B060035434B /* Info.plist */ = {isa = PBXFileReference; lastKnownFileType = text.plist.xml; path = Info.plist; sourceTree = "<group>"; };
		1BC346C825AA0B060035434B /* SaltSideDemoUITests.xctest */ = {isa = PBXFileReference; explicitFileType = wrapper.cfbundle; includeInIndex = 0; path = SaltSideDemoUITests.xctest; sourceTree = BUILT_PRODUCTS_DIR; };
		1BC346CC25AA0B060035434B /* SaltSideDemoUITests.swift */ = {isa = PBXFileReference; lastKnownFileType = sourcecode.swift; path = SaltSideDemoUITests.swift; sourceTree = "<group>"; };
		1BC346CE25AA0B060035434B /* Info.plist */ = {isa = PBXFileReference; lastKnownFileType = text.plist.xml; path = Info.plist; sourceTree = "<group>"; };
		1BCE871A446E5B3D021A4270 /* Pods-SaltSideDemo.debug.xcconfig */ = {isa = PBXFileReference; includeInIndex = 1; lastKnownFileType = text.xcconfig; name = "Pods-SaltSideDemo.debug.xcconfig"; path = "Target Support Files/Pods-SaltSideDemo/Pods-SaltSideDemo.debug.xcconfig"; sourceTree = "<group>"; };
		39C3D3D8A91B0C8FDCD83B9D /* Pods-SaltSideDemo-SaltSideDemoUITests.release.xcconfig */ = {isa = PBXFileReference; includeInIndex = 1; lastKnownFileType = text.xcconfig; name = "Pods-SaltSideDemo-SaltSideDemoUITests.release.xcconfig"; path = "Target Support Files/Pods-SaltSideDemo-SaltSideDemoUITests/Pods-SaltSideDemo-SaltSideDemoUITests.release.xcconfig"; sourceTree = "<group>"; };
		4929CF0B345BF98B5B7A303B /* Pods-SaltSideDemo-SaltSideDemoUITests.debug.xcconfig */ = {isa = PBXFileReference; includeInIndex = 1; lastKnownFileType = text.xcconfig; name = "Pods-SaltSideDemo-SaltSideDemoUITests.debug.xcconfig"; path = "Target Support Files/Pods-SaltSideDemo-SaltSideDemoUITests/Pods-SaltSideDemo-SaltSideDemoUITests.debug.xcconfig"; sourceTree = "<group>"; };
		5CA6BA5AD0CCBCB376FDF052 /* Pods-SaltSideDemo-SaltSideDemoTests.release.xcconfig */ = {isa = PBXFileReference; includeInIndex = 1; lastKnownFileType = text.xcconfig; name = "Pods-SaltSideDemo-SaltSideDemoTests.release.xcconfig"; path = "Target Support Files/Pods-SaltSideDemo-SaltSideDemoTests/Pods-SaltSideDemo-SaltSideDemoTests.release.xcconfig"; sourceTree = "<group>"; };
		7E86BE43C2B44B16B8F7D442 /* Pods_SaltSideDemo.framework */ = {isa = PBXFileReference; explicitFileType = wrapper.framework; includeInIndex = 0; path = Pods_SaltSideDemo.framework; sourceTree = BUILT_PRODUCTS_DIR; };
		A8C9055FF03AA1D13BAD36A6 /* Pods_SaltSideDemo_SaltSideDemoTests.framework */ = {isa = PBXFileReference; explicitFileType = wrapper.framework; includeInIndex = 0; path = Pods_SaltSideDemo_SaltSideDemoTests.framework; sourceTree = BUILT_PRODUCTS_DIR; };
		D2300BAA6741194BBD0A462A /* Pods-SaltSideDemo.release.xcconfig */ = {isa = PBXFileReference; includeInIndex = 1; lastKnownFileType = text.xcconfig; name = "Pods-SaltSideDemo.release.xcconfig"; path = "Target Support Files/Pods-SaltSideDemo/Pods-SaltSideDemo.release.xcconfig"; sourceTree = "<group>"; };
		EE9CF9B724D6337C883A2069 /* Pods-SaltSideDemo-SaltSideDemoTests.debug.xcconfig */ = {isa = PBXFileReference; includeInIndex = 1; lastKnownFileType = text.xcconfig; name = "Pods-SaltSideDemo-SaltSideDemoTests.debug.xcconfig"; path = "Target Support Files/Pods-SaltSideDemo-SaltSideDemoTests/Pods-SaltSideDemo-SaltSideDemoTests.debug.xcconfig"; sourceTree = "<group>"; };
/* End PBXFileReference section */

/* Begin PBXFrameworksBuildPhase section */
		1BC346A125AA0B050035434B /* Frameworks */ = {
			isa = PBXFrameworksBuildPhase;
			buildActionMask = 2147483647;
			files = (
				FD92E6A2D51047D7290AE68A /* Pods_SaltSideDemo.framework in Frameworks */,
			);
			runOnlyForDeploymentPostprocessing = 0;
		};
		1BC346BA25AA0B060035434B /* Frameworks */ = {
			isa = PBXFrameworksBuildPhase;
			buildActionMask = 2147483647;
			files = (
				08B51E6E256FDD147C002211 /* Pods_SaltSideDemo_SaltSideDemoTests.framework in Frameworks */,
			);
			runOnlyForDeploymentPostprocessing = 0;
		};
		1BC346C525AA0B060035434B /* Frameworks */ = {
			isa = PBXFrameworksBuildPhase;
			buildActionMask = 2147483647;
			files = (
				34AEA19D03498D8DEA75B0DD /* Pods_SaltSideDemo_SaltSideDemoUITests.framework in Frameworks */,
			);
			runOnlyForDeploymentPostprocessing = 0;
		};
/* End PBXFrameworksBuildPhase section */

/* Begin PBXGroup section */
		062A9CF0AB0D14CAEC3B96E1 /* Pods */ = {
			isa = PBXGroup;
			children = (
				1BCE871A446E5B3D021A4270 /* Pods-SaltSideDemo.debug.xcconfig */,
				D2300BAA6741194BBD0A462A /* Pods-SaltSideDemo.release.xcconfig */,
				EE9CF9B724D6337C883A2069 /* Pods-SaltSideDemo-SaltSideDemoTests.debug.xcconfig */,
				5CA6BA5AD0CCBCB376FDF052 /* Pods-SaltSideDemo-SaltSideDemoTests.release.xcconfig */,
				4929CF0B345BF98B5B7A303B /* Pods-SaltSideDemo-SaltSideDemoUITests.debug.xcconfig */,
				39C3D3D8A91B0C8FDCD83B9D /* Pods-SaltSideDemo-SaltSideDemoUITests.release.xcconfig */,
			);
			path = Pods;
			sourceTree = "<group>";
		};
		1B47643325AA1879000EBA26 /* Models */ = {
			isa = PBXGroup;
			children = (
				1B47643425AA192B000EBA26 /* UserModel.swift */,
				1B2EE49325AB6E43007934F4 /* UserListMock.json */,
			);
			path = Models;
			sourceTree = "<group>";
		};
		1B47643925AA196A000EBA26 /* WebService */ = {
			isa = PBXGroup;
			children = (
				1B47643A25AA199D000EBA26 /* UserListWebServices.swift */,
			);
			path = WebService;
			sourceTree = "<group>";
		};
		1B7FFDF025AAEEA100F39944 /* Constants+Utils */ = {
			isa = PBXGroup;
			children = (
				1B7FFDF125AAEEB600F39944 /* AppConstants.swift */,
				1B7FFDF625AAEED200F39944 /* AlamofireWrapper.swift */,
			);
			path = "Constants+Utils";
			sourceTree = "<group>";
		};
		1B7FFDFB25AAF41D00F39944 /* ViewControllers */ = {
			isa = PBXGroup;
			children = (
				1B8F519325AB09C40052E6D4 /* ListPage */,
			);
			path = ViewControllers;
			sourceTree = "<group>";
		};
		1B7FFE0225AAFB2200F39944 /* TableViewCells */ = {
			isa = PBXGroup;
			children = (
				1B7FFE0325AAFB6E00F39944 /* ListTVCell.swift */,
				1B7FFE0425AAFB6E00F39944 /* ListTVCell.xib */,
			);
			path = TableViewCells;
			sourceTree = "<group>";
		};
		1B8F519325AB09C40052E6D4 /* ListPage */ = {
			isa = PBXGroup;
			children = (
				1BC346AD25AA0B050035434B /* Main.storyboard */,
				1B7FFE0225AAFB2200F39944 /* TableViewCells */,
				1BC346AB25AA0B050035434B /* ListViewController.swift */,
				1B8F519425AB09E40052E6D4 /* ListViewModel.swift */,
				1B8F519925AB09F70052E6D4 /* ListDataSource.swift */,
			);
			path = ListPage;
			sourceTree = "<group>";
		};
		1BC3469B25AA0B050035434B = {
			isa = PBXGroup;
			children = (
				1BC346A625AA0B050035434B /* SaltSideDemo */,
				1BC346C025AA0B060035434B /* SaltSideDemoTests */,
				1BC346CB25AA0B060035434B /* SaltSideDemoUITests */,
				1BC346A525AA0B050035434B /* Products */,
				062A9CF0AB0D14CAEC3B96E1 /* Pods */,
				ABD6DD6F7A31950570C0C88B /* Frameworks */,
			);
			sourceTree = "<group>";
		};
		1BC346A525AA0B050035434B /* Products */ = {
			isa = PBXGroup;
			children = (
				1BC346A425AA0B050035434B /* SaltSideDemo.app */,
				1BC346BD25AA0B060035434B /* SaltSideDemoTests.xctest */,
				1BC346C825AA0B060035434B /* SaltSideDemoUITests.xctest */,
			);
			name = Products;
			sourceTree = "<group>";
		};
		1BC346A625AA0B050035434B /* SaltSideDemo */ = {
			isa = PBXGroup;
			children = (
				1B7FFDFB25AAF41D00F39944 /* ViewControllers */,
				1B7FFDF025AAEEA100F39944 /* Constants+Utils */,
				1B47643925AA196A000EBA26 /* WebService */,
				1B47643325AA1879000EBA26 /* Models */,
				1BC346A725AA0B050035434B /* AppDelegate.swift */,
				1BC346A925AA0B050035434B /* SceneDelegate.swift */,
				1BC346B325AA0B060035434B /* Assets.xcassets */,
				1BC346B525AA0B060035434B /* LaunchScreen.storyboard */,
				1BC346B825AA0B060035434B /* Info.plist */,
				1BC346B025AA0B050035434B /* SaltSideDemo.xcdatamodeld */,
			);
			path = SaltSideDemo;
			sourceTree = "<group>";
		};
		1BC346C025AA0B060035434B /* SaltSideDemoTests */ = {
			isa = PBXGroup;
			children = (
				1BC346C125AA0B060035434B /* SaltSideDemoTests.swift */,
				1BC346C325AA0B060035434B /* Info.plist */,
			);
			path = SaltSideDemoTests;
			sourceTree = "<group>";
		};
		1BC346CB25AA0B060035434B /* SaltSideDemoUITests */ = {
			isa = PBXGroup;
			children = (
				1BC346CC25AA0B060035434B /* SaltSideDemoUITests.swift */,
				1BC346CE25AA0B060035434B /* Info.plist */,
			);
			path = SaltSideDemoUITests;
			sourceTree = "<group>";
		};
		ABD6DD6F7A31950570C0C88B /* Frameworks */ = {
			isa = PBXGroup;
			children = (
				7E86BE43C2B44B16B8F7D442 /* Pods_SaltSideDemo.framework */,
				A8C9055FF03AA1D13BAD36A6 /* Pods_SaltSideDemo_SaltSideDemoTests.framework */,
				135599607E83DD2102CE7AB4 /* Pods_SaltSideDemo_SaltSideDemoUITests.framework */,
			);
			name = Frameworks;
			sourceTree = "<group>";
		};
/* End PBXGroup section */

/* Begin PBXNativeTarget section */
		1BC346A325AA0B050035434B /* SaltSideDemo */ = {
			isa = PBXNativeTarget;
			buildConfigurationList = 1BC346D125AA0B060035434B /* Build configuration list for PBXNativeTarget "SaltSideDemo" */;
			buildPhases = (
				99AE4A0F52EF60E5955BB50E /* [CP] Check Pods Manifest.lock */,
				1BC346A025AA0B050035434B /* Sources */,
				1BC346A125AA0B050035434B /* Frameworks */,
				1BC346A225AA0B050035434B /* Resources */,
				4D7B79A25B39B405FFD9C09B /* [CP] Embed Pods Frameworks */,
			);
			buildRules = (
			);
			dependencies = (
			);
			name = SaltSideDemo;
			productName = SaltSideDemo;
			productReference = 1BC346A425AA0B050035434B /* SaltSideDemo.app */;
			productType = "com.apple.product-type.application";
		};
		1BC346BC25AA0B060035434B /* SaltSideDemoTests */ = {
			isa = PBXNativeTarget;
			buildConfigurationList = 1BC346D425AA0B060035434B /* Build configuration list for PBXNativeTarget "SaltSideDemoTests" */;
			buildPhases = (
				E0E52203728AC3B0AF27737C /* [CP] Check Pods Manifest.lock */,
				1BC346B925AA0B060035434B /* Sources */,
				1BC346BA25AA0B060035434B /* Frameworks */,
				1BC346BB25AA0B060035434B /* Resources */,
				54EE6413350BD9E169E5871C /* [CP] Embed Pods Frameworks */,
			);
			buildRules = (
			);
			dependencies = (
				1BC346BF25AA0B060035434B /* PBXTargetDependency */,
			);
			name = SaltSideDemoTests;
			productName = SaltSideDemoTests;
			productReference = 1BC346BD25AA0B060035434B /* SaltSideDemoTests.xctest */;
			productType = "com.apple.product-type.bundle.unit-test";
		};
		1BC346C725AA0B060035434B /* SaltSideDemoUITests */ = {
			isa = PBXNativeTarget;
			buildConfigurationList = 1BC346D725AA0B060035434B /* Build configuration list for PBXNativeTarget "SaltSideDemoUITests" */;
			buildPhases = (
				6EA6ED855B782D80540651C2 /* [CP] Check Pods Manifest.lock */,
				1BC346C425AA0B060035434B /* Sources */,
				1BC346C525AA0B060035434B /* Frameworks */,
				1BC346C625AA0B060035434B /* Resources */,
				D8EFD9C3B874B2782173EB94 /* [CP] Embed Pods Frameworks */,
			);
			buildRules = (
			);
			dependencies = (
				1BC346CA25AA0B060035434B /* PBXTargetDependency */,
			);
			name = SaltSideDemoUITests;
			productName = SaltSideDemoUITests;
			productReference = 1BC346C825AA0B060035434B /* SaltSideDemoUITests.xctest */;
			productType = "com.apple.product-type.bundle.ui-testing";
		};
/* End PBXNativeTarget section */

/* Begin PBXProject section */
		1BC3469C25AA0B050035434B /* Project object */ = {
			isa = PBXProject;
			attributes = {
				LastSwiftUpdateCheck = 1210;
				LastUpgradeCheck = 1210;
				TargetAttributes = {
					1BC346A325AA0B050035434B = {
						CreatedOnToolsVersion = 12.1;
					};
					1BC346BC25AA0B060035434B = {
						CreatedOnToolsVersion = 12.1;
						TestTargetID = 1BC346A325AA0B050035434B;
					};
					1BC346C725AA0B060035434B = {
						CreatedOnToolsVersion = 12.1;
						TestTargetID = 1BC346A325AA0B050035434B;
					};
				};
			};
			buildConfigurationList = 1BC3469F25AA0B050035434B /* Build configuration list for PBXProject "SaltSideDemo" */;
			compatibilityVersion = "Xcode 9.3";
			developmentRegion = en;
			hasScannedForEncodings = 0;
			knownRegions = (
				en,
				Base,
			);
			mainGroup = 1BC3469B25AA0B050035434B;
			productRefGroup = 1BC346A525AA0B050035434B /* Products */;
			projectDirPath = "";
			projectRoot = "";
			targets = (
				1BC346A325AA0B050035434B /* SaltSideDemo */,
				1BC346BC25AA0B060035434B /* SaltSideDemoTests */,
				1BC346C725AA0B060035434B /* SaltSideDemoUITests */,
			);
		};
/* End PBXProject section */

/* Begin PBXResourcesBuildPhase section */
		1BC346A225AA0B050035434B /* Resources */ = {
			isa = PBXResourcesBuildPhase;
			buildActionMask = 2147483647;
			files = (
				1B2EE49425AB6E43007934F4 /* UserListMock.json in Resources */,
				1BC346B725AA0B060035434B /* LaunchScreen.storyboard in Resources */,
				1B7FFE0625AAFB6E00F39944 /* ListTVCell.xib in Resources */,
				1BC346B425AA0B060035434B /* Assets.xcassets in Resources */,
				1BC346AF25AA0B050035434B /* Main.storyboard in Resources */,
			);
			runOnlyForDeploymentPostprocessing = 0;
		};
		1BC346BB25AA0B060035434B /* Resources */ = {
			isa = PBXResourcesBuildPhase;
			buildActionMask = 2147483647;
			files = (
			);
			runOnlyForDeploymentPostprocessing = 0;
		};
		1BC346C625AA0B060035434B /* Resources */ = {
			isa = PBXResourcesBuildPhase;
			buildActionMask = 2147483647;
			files = (
			);
			runOnlyForDeploymentPostprocessing = 0;
		};
/* End PBXResourcesBuildPhase section */

/* Begin PBXShellScriptBuildPhase section */
		4D7B79A25B39B405FFD9C09B /* [CP] Embed Pods Frameworks */ = {
			isa = PBXShellScriptBuildPhase;
			buildActionMask = 2147483647;
			files = (
			);
			inputFileListPaths = (
				"${PODS_ROOT}/Target Support Files/Pods-SaltSideDemo/Pods-SaltSideDemo-frameworks-${CONFIGURATION}-input-files.xcfilelist",
			);
			name = "[CP] Embed Pods Frameworks";
			outputFileListPaths = (
				"${PODS_ROOT}/Target Support Files/Pods-SaltSideDemo/Pods-SaltSideDemo-frameworks-${CONFIGURATION}-output-files.xcfilelist",
			);
			runOnlyForDeploymentPostprocessing = 0;
			shellPath = /bin/sh;
			shellScript = "\"${PODS_ROOT}/Target Support Files/Pods-SaltSideDemo/Pods-SaltSideDemo-frameworks.sh\"\n";
			showEnvVarsInLog = 0;
		};
		54EE6413350BD9E169E5871C /* [CP] Embed Pods Frameworks */ = {
			isa = PBXShellScriptBuildPhase;
			buildActionMask = 2147483647;
			files = (
			);
			inputFileListPaths = (
				"${PODS_ROOT}/Target Support Files/Pods-SaltSideDemo-SaltSideDemoTests/Pods-SaltSideDemo-SaltSideDemoTests-frameworks-${CONFIGURATION}-input-files.xcfilelist",
			);
			name = "[CP] Embed Pods Frameworks";
			outputFileListPaths = (
				"${PODS_ROOT}/Target Support Files/Pods-SaltSideDemo-SaltSideDemoTests/Pods-SaltSideDemo-SaltSideDemoTests-frameworks-${CONFIGURATION}-output-files.xcfilelist",
			);
			runOnlyForDeploymentPostprocessing = 0;
			shellPath = /bin/sh;
			shellScript = "\"${PODS_ROOT}/Target Support Files/Pods-SaltSideDemo-SaltSideDemoTests/Pods-SaltSideDemo-SaltSideDemoTests-frameworks.sh\"\n";
			showEnvVarsInLog = 0;
		};
		6EA6ED855B782D80540651C2 /* [CP] Check Pods Manifest.lock */ = {
			isa = PBXShellScriptBuildPhase;
			buildActionMask = 2147483647;
			files = (
			);
			inputFileListPaths = (
			);
			inputPaths = (
				"${PODS_PODFILE_DIR_PATH}/Podfile.lock",
				"${PODS_ROOT}/Manifest.lock",
			);
			name = "[CP] Check Pods Manifest.lock";
			outputFileListPaths = (
			);
			outputPaths = (
				"$(DERIVED_FILE_DIR)/Pods-SaltSideDemo-SaltSideDemoUITests-checkManifestLockResult.txt",
			);
			runOnlyForDeploymentPostprocessing = 0;
			shellPath = /bin/sh;
			shellScript = "diff \"${PODS_PODFILE_DIR_PATH}/Podfile.lock\" \"${PODS_ROOT}/Manifest.lock\" > /dev/null\nif [ $? != 0 ] ; then\n    # print error to STDERR\n    echo \"error: The sandbox is not in sync with the Podfile.lock. Run 'pod install' or update your CocoaPods installation.\" >&2\n    exit 1\nfi\n# This output is used by Xcode 'outputs' to avoid re-running this script phase.\necho \"SUCCESS\" > \"${SCRIPT_OUTPUT_FILE_0}\"\n";
			showEnvVarsInLog = 0;
		};
		99AE4A0F52EF60E5955BB50E /* [CP] Check Pods Manifest.lock */ = {
			isa = PBXShellScriptBuildPhase;
			buildActionMask = 2147483647;
			files = (
			);
			inputFileListPaths = (
			);
			inputPaths = (
				"${PODS_PODFILE_DIR_PATH}/Podfile.lock",
				"${PODS_ROOT}/Manifest.lock",
			);
			name = "[CP] Check Pods Manifest.lock";
			outputFileListPaths = (
			);
			outputPaths = (
				"$(DERIVED_FILE_DIR)/Pods-SaltSideDemo-checkManifestLockResult.txt",
			);
			runOnlyForDeploymentPostprocessing = 0;
			shellPath = /bin/sh;
			shellScript = "diff \"${PODS_PODFILE_DIR_PATH}/Podfile.lock\" \"${PODS_ROOT}/Manifest.lock\" > /dev/null\nif [ $? != 0 ] ; then\n    # print error to STDERR\n    echo \"error: The sandbox is not in sync with the Podfile.lock. Run 'pod install' or update your CocoaPods installation.\" >&2\n    exit 1\nfi\n# This output is used by Xcode 'outputs' to avoid re-running this script phase.\necho \"SUCCESS\" > \"${SCRIPT_OUTPUT_FILE_0}\"\n";
			showEnvVarsInLog = 0;
		};
		D8EFD9C3B874B2782173EB94 /* [CP] Embed Pods Frameworks */ = {
			isa = PBXShellScriptBuildPhase;
			buildActionMask = 2147483647;
			files = (
			);
			inputFileListPaths = (
				"${PODS_ROOT}/Target Support Files/Pods-SaltSideDemo-SaltSideDemoUITests/Pods-SaltSideDemo-SaltSideDemoUITests-frameworks-${CONFIGURATION}-input-files.xcfilelist",
			);
			name = "[CP] Embed Pods Frameworks";
			outputFileListPaths = (
				"${PODS_ROOT}/Target Support Files/Pods-SaltSideDemo-SaltSideDemoUITests/Pods-SaltSideDemo-SaltSideDemoUITests-frameworks-${CONFIGURATION}-output-files.xcfilelist",
			);
			runOnlyForDeploymentPostprocessing = 0;
			shellPath = /bin/sh;
			shellScript = "\"${PODS_ROOT}/Target Support Files/Pods-SaltSideDemo-SaltSideDemoUITests/Pods-SaltSideDemo-SaltSideDemoUITests-frameworks.sh\"\n";
			showEnvVarsInLog = 0;
		};
		E0E52203728AC3B0AF27737C /* [CP] Check Pods Manifest.lock */ = {
			isa = PBXShellScriptBuildPhase;
			buildActionMask = 2147483647;
			files = (
			);
			inputFileListPaths = (
			);
			inputPaths = (
				"${PODS_PODFILE_DIR_PATH}/Podfile.lock",
				"${PODS_ROOT}/Manifest.lock",
			);
			name = "[CP] Check Pods Manifest.lock";
			outputFileListPaths = (
			);
			outputPaths = (
				"$(DERIVED_FILE_DIR)/Pods-SaltSideDemo-SaltSideDemoTests-checkManifestLockResult.txt",
			);
			runOnlyForDeploymentPostprocessing = 0;
			shellPath = /bin/sh;
			shellScript = "diff \"${PODS_PODFILE_DIR_PATH}/Podfile.lock\" \"${PODS_ROOT}/Manifest.lock\" > /dev/null\nif [ $? != 0 ] ; then\n    # print error to STDERR\n    echo \"error: The sandbox is not in sync with the Podfile.lock. Run 'pod install' or update your CocoaPods installation.\" >&2\n    exit 1\nfi\n# This output is used by Xcode 'outputs' to avoid re-running this script phase.\necho \"SUCCESS\" > \"${SCRIPT_OUTPUT_FILE_0}\"\n";
			showEnvVarsInLog = 0;
		};
/* End PBXShellScriptBuildPhase section */

/* Begin PBXSourcesBuildPhase section */
		1BC346A025AA0B050035434B /* Sources */ = {
			isa = PBXSourcesBuildPhase;
			buildActionMask = 2147483647;
			files = (
				1B8F519525AB09E40052E6D4 /* ListViewModel.swift in Sources */,
				1BC346AC25AA0B050035434B /* ListViewController.swift in Sources */,
				1B47643B25AA199D000EBA26 /* UserListWebServices.swift in Sources */,
				1B8F519A25AB09F70052E6D4 /* ListDataSource.swift in Sources */,
				1B7FFDF725AAEED200F39944 /* AlamofireWrapper.swift in Sources */,
				1BC346A825AA0B050035434B /* AppDelegate.swift in Sources */,
				1BC346AA25AA0B050035434B /* SceneDelegate.swift in Sources */,
				1B7FFE0525AAFB6E00F39944 /* ListTVCell.swift in Sources */,
				1B7FFDF225AAEEB600F39944 /* AppConstants.swift in Sources */,
				1B47643525AA192B000EBA26 /* UserModel.swift in Sources */,
				1BC346B225AA0B050035434B /* SaltSideDemo.xcdatamodeld in Sources */,
			);
			runOnlyForDeploymentPostprocessing = 0;
		};
		1BC346B925AA0B060035434B /* Sources */ = {
			isa = PBXSourcesBuildPhase;
			buildActionMask = 2147483647;
			files = (
				1BC346C225AA0B060035434B /* SaltSideDemoTests.swift in Sources */,
			);
			runOnlyForDeploymentPostprocessing = 0;
		};
		1BC346C425AA0B060035434B /* Sources */ = {
			isa = PBXSourcesBuildPhase;
			buildActionMask = 2147483647;
			files = (
				1BC346CD25AA0B060035434B /* SaltSideDemoUITests.swift in Sources */,
			);
			runOnlyForDeploymentPostprocessing = 0;
		};
/* End PBXSourcesBuildPhase section */

/* Begin PBXTargetDependency section */
		1BC346BF25AA0B060035434B /* PBXTargetDependency */ = {
			isa = PBXTargetDependency;
			target = 1BC346A325AA0B050035434B /* SaltSideDemo */;
			targetProxy = 1BC346BE25AA0B060035434B /* PBXContainerItemProxy */;
		};
		1BC346CA25AA0B060035434B /* PBXTargetDependency */ = {
			isa = PBXTargetDependency;
			target = 1BC346A325AA0B050035434B /* SaltSideDemo */;
			targetProxy = 1BC346C925AA0B060035434B /* PBXContainerItemProxy */;
		};
/* End PBXTargetDependency section */

/* Begin PBXVariantGroup section */
		1BC346AD25AA0B050035434B /* Main.storyboard */ = {
			isa = PBXVariantGroup;
			children = (
				1BC346AE25AA0B050035434B /* Base */,
			);
			name = Main.storyboard;
			sourceTree = "<group>";
		};
		1BC346B525AA0B060035434B /* LaunchScreen.storyboard */ = {
			isa = PBXVariantGroup;
			children = (
				1BC346B625AA0B060035434B /* Base */,
			);
			name = LaunchScreen.storyboard;
			sourceTree = "<group>";
		};
/* End PBXVariantGroup section */

/* Begin XCBuildConfiguration section */
		1BC346CF25AA0B060035434B /* Debug */ = {
			isa = XCBuildConfiguration;
			buildSettings = {
				ALWAYS_SEARCH_USER_PATHS = NO;
				CLANG_ANALYZER_NONNULL = YES;
				CLANG_ANALYZER_NUMBER_OBJECT_CONVERSION = YES_AGGRESSIVE;
				CLANG_CXX_LANGUAGE_STANDARD = "gnu++14";
				CLANG_CXX_LIBRARY = "libc++";
				CLANG_ENABLE_MODULES = YES;
				CLANG_ENABLE_OBJC_ARC = YES;
				CLANG_ENABLE_OBJC_WEAK = YES;
				CLANG_WARN_BLOCK_CAPTURE_AUTORELEASING = YES;
				CLANG_WARN_BOOL_CONVERSION = YES;
				CLANG_WARN_COMMA = YES;
				CLANG_WARN_CONSTANT_CONVERSION = YES;
				CLANG_WARN_DEPRECATED_OBJC_IMPLEMENTATIONS = YES;
				CLANG_WARN_DIRECT_OBJC_ISA_USAGE = YES_ERROR;
				CLANG_WARN_DOCUMENTATION_COMMENTS = YES;
				CLANG_WARN_EMPTY_BODY = YES;
				CLANG_WARN_ENUM_CONVERSION = YES;
				CLANG_WARN_INFINITE_RECURSION = YES;
				CLANG_WARN_INT_CONVERSION = YES;
				CLANG_WARN_NON_LITERAL_NULL_CONVERSION = YES;
				CLANG_WARN_OBJC_IMPLICIT_RETAIN_SELF = YES;
				CLANG_WARN_OBJC_LITERAL_CONVERSION = YES;
				CLANG_WARN_OBJC_ROOT_CLASS = YES_ERROR;
				CLANG_WARN_QUOTED_INCLUDE_IN_FRAMEWORK_HEADER = YES;
				CLANG_WARN_RANGE_LOOP_ANALYSIS = YES;
				CLANG_WARN_STRICT_PROTOTYPES = YES;
				CLANG_WARN_SUSPICIOUS_MOVE = YES;
				CLANG_WARN_UNGUARDED_AVAILABILITY = YES_AGGRESSIVE;
				CLANG_WARN_UNREACHABLE_CODE = YES;
				CLANG_WARN__DUPLICATE_METHOD_MATCH = YES;
				COPY_PHASE_STRIP = NO;
				DEBUG_INFORMATION_FORMAT = dwarf;
				ENABLE_STRICT_OBJC_MSGSEND = YES;
				ENABLE_TESTABILITY = YES;
				GCC_C_LANGUAGE_STANDARD = gnu11;
				GCC_DYNAMIC_NO_PIC = NO;
				GCC_NO_COMMON_BLOCKS = YES;
				GCC_OPTIMIZATION_LEVEL = 0;
				GCC_PREPROCESSOR_DEFINITIONS = (
					"DEBUG=1",
					"$(inherited)",
				);
				GCC_WARN_64_TO_32_BIT_CONVERSION = YES;
				GCC_WARN_ABOUT_RETURN_TYPE = YES_ERROR;
				GCC_WARN_UNDECLARED_SELECTOR = YES;
				GCC_WARN_UNINITIALIZED_AUTOS = YES_AGGRESSIVE;
				GCC_WARN_UNUSED_FUNCTION = YES;
				GCC_WARN_UNUSED_VARIABLE = YES;
				IPHONEOS_DEPLOYMENT_TARGET = 14.1;
				MTL_ENABLE_DEBUG_INFO = INCLUDE_SOURCE;
				MTL_FAST_MATH = YES;
				ONLY_ACTIVE_ARCH = YES;
				SDKROOT = iphoneos;
				SWIFT_ACTIVE_COMPILATION_CONDITIONS = DEBUG;
				SWIFT_OPTIMIZATION_LEVEL = "-Onone";
			};
			name = Debug;
		};
		1BC346D025AA0B060035434B /* Release */ = {
			isa = XCBuildConfiguration;
			buildSettings = {
				ALWAYS_SEARCH_USER_PATHS = NO;
				CLANG_ANALYZER_NONNULL = YES;
				CLANG_ANALYZER_NUMBER_OBJECT_CONVERSION = YES_AGGRESSIVE;
				CLANG_CXX_LANGUAGE_STANDARD = "gnu++14";
				CLANG_CXX_LIBRARY = "libc++";
				CLANG_ENABLE_MODULES = YES;
				CLANG_ENABLE_OBJC_ARC = YES;
				CLANG_ENABLE_OBJC_WEAK = YES;
				CLANG_WARN_BLOCK_CAPTURE_AUTORELEASING = YES;
				CLANG_WARN_BOOL_CONVERSION = YES;
				CLANG_WARN_COMMA = YES;
				CLANG_WARN_CONSTANT_CONVERSION = YES;
				CLANG_WARN_DEPRECATED_OBJC_IMPLEMENTATIONS = YES;
				CLANG_WARN_DIRECT_OBJC_ISA_USAGE = YES_ERROR;
				CLANG_WARN_DOCUMENTATION_COMMENTS = YES;
				CLANG_WARN_EMPTY_BODY = YES;
				CLANG_WARN_ENUM_CONVERSION = YES;
				CLANG_WARN_INFINITE_RECURSION = YES;
				CLANG_WARN_INT_CONVERSION = YES;
				CLANG_WARN_NON_LITERAL_NULL_CONVERSION = YES;
				CLANG_WARN_OBJC_IMPLICIT_RETAIN_SELF = YES;
				CLANG_WARN_OBJC_LITERAL_CONVERSION = YES;
				CLANG_WARN_OBJC_ROOT_CLASS = YES_ERROR;
				CLANG_WARN_QUOTED_INCLUDE_IN_FRAMEWORK_HEADER = YES;
				CLANG_WARN_RANGE_LOOP_ANALYSIS = YES;
				CLANG_WARN_STRICT_PROTOTYPES = YES;
				CLANG_WARN_SUSPICIOUS_MOVE = YES;
				CLANG_WARN_UNGUARDED_AVAILABILITY = YES_AGGRESSIVE;
				CLANG_WARN_UNREACHABLE_CODE = YES;
				CLANG_WARN__DUPLICATE_METHOD_MATCH = YES;
				COPY_PHASE_STRIP = NO;
				DEBUG_INFORMATION_FORMAT = "dwarf-with-dsym";
				ENABLE_NS_ASSERTIONS = NO;
				ENABLE_STRICT_OBJC_MSGSEND = YES;
				GCC_C_LANGUAGE_STANDARD = gnu11;
				GCC_NO_COMMON_BLOCKS = YES;
				GCC_WARN_64_TO_32_BIT_CONVERSION = YES;
				GCC_WARN_ABOUT_RETURN_TYPE = YES_ERROR;
				GCC_WARN_UNDECLARED_SELECTOR = YES;
				GCC_WARN_UNINITIALIZED_AUTOS = YES_AGGRESSIVE;
				GCC_WARN_UNUSED_FUNCTION = YES;
				GCC_WARN_UNUSED_VARIABLE = YES;
				IPHONEOS_DEPLOYMENT_TARGET = 14.1;
				MTL_ENABLE_DEBUG_INFO = NO;
				MTL_FAST_MATH = YES;
				SDKROOT = iphoneos;
				SWIFT_COMPILATION_MODE = wholemodule;
				SWIFT_OPTIMIZATION_LEVEL = "-O";
				VALIDATE_PRODUCT = YES;
			};
			name = Release;
		};
		1BC346D225AA0B060035434B /* Debug */ = {
			isa = XCBuildConfiguration;
			baseConfigurationReference = 1BCE871A446E5B3D021A4270 /* Pods-SaltSideDemo.debug.xcconfig */;
			buildSettings = {
				ASSETCATALOG_COMPILER_APPICON_NAME = AppIcon;
				ASSETCATALOG_COMPILER_GLOBAL_ACCENT_COLOR_NAME = AccentColor;
				CODE_SIGN_STYLE = Automatic;
				INFOPLIST_FILE = SaltSideDemo/Info.plist;
				LD_RUNPATH_SEARCH_PATHS = (
					"$(inherited)",
					"@executable_path/Frameworks",
				);
				PRODUCT_BUNDLE_IDENTIFIER = thinkBig.SaltSideDemo;
				PRODUCT_NAME = "$(TARGET_NAME)";
				SWIFT_VERSION = 5.0;
				TARGETED_DEVICE_FAMILY = "1,2";
			};
			name = Debug;
		};
		1BC346D325AA0B060035434B /* Release */ = {
			isa = XCBuildConfiguration;
			baseConfigurationReference = D2300BAA6741194BBD0A462A /* Pods-SaltSideDemo.release.xcconfig */;
			buildSettings = {
				ASSETCATALOG_COMPILER_APPICON_NAME = AppIcon;
				ASSETCATALOG_COMPILER_GLOBAL_ACCENT_COLOR_NAME = AccentColor;
				CODE_SIGN_STYLE = Automatic;
				INFOPLIST_FILE = SaltSideDemo/Info.plist;
				LD_RUNPATH_SEARCH_PATHS = (
					"$(inherited)",
					"@executable_path/Frameworks",
				);
				PRODUCT_BUNDLE_IDENTIFIER = thinkBig.SaltSideDemo;
				PRODUCT_NAME = "$(TARGET_NAME)";
				SWIFT_VERSION = 5.0;
				TARGETED_DEVICE_FAMILY = "1,2";
			};
			name = Release;
		};
		1BC346D525AA0B060035434B /* Debug */ = {
			isa = XCBuildConfiguration;
			baseConfigurationReference = EE9CF9B724D6337C883A2069 /* Pods-SaltSideDemo-SaltSideDemoTests.debug.xcconfig */;
			buildSettings = {
				ALWAYS_EMBED_SWIFT_STANDARD_LIBRARIES = YES;
				BUNDLE_LOADER = "$(TEST_HOST)";
				CODE_SIGN_STYLE = Automatic;
				INFOPLIST_FILE = SaltSideDemoTests/Info.plist;
				IPHONEOS_DEPLOYMENT_TARGET = 14.1;
				LD_RUNPATH_SEARCH_PATHS = (
					"$(inherited)",
					"@executable_path/Frameworks",
					"@loader_path/Frameworks",
				);
				PRODUCT_BUNDLE_IDENTIFIER = thinkBig.SaltSideDemoTests;
				PRODUCT_NAME = "$(TARGET_NAME)";
				SWIFT_VERSION = 5.0;
				TARGETED_DEVICE_FAMILY = "1,2";
				TEST_HOST = "$(BUILT_PRODUCTS_DIR)/SaltSideDemo.app/SaltSideDemo";
			};
			name = Debug;
		};
		1BC346D625AA0B060035434B /* Release */ = {
			isa = XCBuildConfiguration;
			baseConfigurationReference = 5CA6BA5AD0CCBCB376FDF052 /* Pods-SaltSideDemo-SaltSideDemoTests.release.xcconfig */;
			buildSettings = {
				ALWAYS_EMBED_SWIFT_STANDARD_LIBRARIES = YES;
				BUNDLE_LOADER = "$(TEST_HOST)";
				CODE_SIGN_STYLE = Automatic;
				INFOPLIST_FILE = SaltSideDemoTests/Info.plist;
				IPHONEOS_DEPLOYMENT_TARGET = 14.1;
				LD_RUNPATH_SEARCH_PATHS = (
					"$(inherited)",
					"@executable_path/Frameworks",
					"@loader_path/Frameworks",
				);
				PRODUCT_BUNDLE_IDENTIFIER = thinkBig.SaltSideDemoTests;
				PRODUCT_NAME = "$(TARGET_NAME)";
				SWIFT_VERSION = 5.0;
				TARGETED_DEVICE_FAMILY = "1,2";
				TEST_HOST = "$(BUILT_PRODUCTS_DIR)/SaltSideDemo.app/SaltSideDemo";
			};
			name = Release;
		};
		1BC346D825AA0B060035434B /* Debug */ = {
			isa = XCBuildConfiguration;
			baseConfigurationReference = 4929CF0B345BF98B5B7A303B /* Pods-SaltSideDemo-SaltSideDemoUITests.debug.xcconfig */;
			buildSettings = {
				ALWAYS_EMBED_SWIFT_STANDARD_LIBRARIES = YES;
				CODE_SIGN_STYLE = Automatic;
				INFOPLIST_FILE = SaltSideDemoUITests/Info.plist;
				LD_RUNPATH_SEARCH_PATHS = (
					"$(inherited)",
					"@executable_path/Frameworks",
					"@loader_path/Frameworks",
				);
				PRODUCT_BUNDLE_IDENTIFIER = thinkBig.SaltSideDemoUITests;
				PRODUCT_NAME = "$(TARGET_NAME)";
				SWIFT_VERSION = 5.0;
				TARGETED_DEVICE_FAMILY = "1,2";
				TEST_TARGET_NAME = SaltSideDemo;
			};
			name = Debug;
		};
		1BC346D925AA0B060035434B /* Release */ = {
			isa = XCBuildConfiguration;
			baseConfigurationReference = 39C3D3D8A91B0C8FDCD83B9D /* Pods-SaltSideDemo-SaltSideDemoUITests.release.xcconfig */;
			buildSettings = {
				ALWAYS_EMBED_SWIFT_STANDARD_LIBRARIES = YES;
				CODE_SIGN_STYLE = Automatic;
				INFOPLIST_FILE = SaltSideDemoUITests/Info.plist;
				LD_RUNPATH_SEARCH_PATHS = (
					"$(inherited)",
					"@executable_path/Frameworks",
					"@loader_path/Frameworks",
				);
				PRODUCT_BUNDLE_IDENTIFIER = thinkBig.SaltSideDemoUITests;
				PRODUCT_NAME = "$(TARGET_NAME)";
				SWIFT_VERSION = 5.0;
				TARGETED_DEVICE_FAMILY = "1,2";
				TEST_TARGET_NAME = SaltSideDemo;
			};
			name = Release;
		};
/* End XCBuildConfiguration section */

/* Begin XCConfigurationList section */
		1BC3469F25AA0B050035434B /* Build configuration list for PBXProject "SaltSideDemo" */ = {
			isa = XCConfigurationList;
			buildConfigurations = (
				1BC346CF25AA0B060035434B /* Debug */,
				1BC346D025AA0B060035434B /* Release */,
			);
			defaultConfigurationIsVisible = 0;
			defaultConfigurationName = Release;
		};
		1BC346D125AA0B060035434B /* Build configuration list for PBXNativeTarget "SaltSideDemo" */ = {
			isa = XCConfigurationList;
			buildConfigurations = (
				1BC346D225AA0B060035434B /* Debug */,
				1BC346D325AA0B060035434B /* Release */,
			);
			defaultConfigurationIsVisible = 0;
			defaultConfigurationName = Release;
		};
		1BC346D425AA0B060035434B /* Build configuration list for PBXNativeTarget "SaltSideDemoTests" */ = {
			isa = XCConfigurationList;
			buildConfigurations = (
				1BC346D525AA0B060035434B /* Debug */,
				1BC346D625AA0B060035434B /* Release */,
			);
			defaultConfigurationIsVisible = 0;
			defaultConfigurationName = Release;
		};
		1BC346D725AA0B060035434B /* Build configuration list for PBXNativeTarget "SaltSideDemoUITests" */ = {
			isa = XCConfigurationList;
			buildConfigurations = (
				1BC346D825AA0B060035434B /* Debug */,
				1BC346D925AA0B060035434B /* Release */,
			);
			defaultConfigurationIsVisible = 0;
			defaultConfigurationName = Release;
		};
/* End XCConfigurationList section */

/* Begin XCVersionGroup section */
		1BC346B025AA0B050035434B /* SaltSideDemo.xcdatamodeld */ = {
			isa = XCVersionGroup;
			children = (
				1BC346B125AA0B050035434B /* SaltSideDemo.xcdatamodel */,
			);
			currentVersion = 1BC346B125AA0B050035434B /* SaltSideDemo.xcdatamodel */;
			path = SaltSideDemo.xcdatamodeld;
			sourceTree = "<group>";
			versionGroupType = wrapper.xcdatamodel;
		};
/* End XCVersionGroup section */
	};
	rootObject = 1BC3469C25AA0B050035434B /* Project object */;
}
